// !$*UTF8*$!
{
	archiveVersion = 1;
	classes = {
	};
	objectVersion = 56;
	objects = {

/* Begin PBXBuildFile section */
		6286BEA42C550EF500F19BB8 /* WeatherForecastApp.swift in Sources */ = {isa = PBXBuildFile; fileRef = 6286BEA32C550EF500F19BB8 /* WeatherForecastApp.swift */; };
		6286BEA82C550EF700F19BB8 /* Assets.xcassets in Resources */ = {isa = PBXBuildFile; fileRef = 6286BEA72C550EF700F19BB8 /* Assets.xcassets */; };
		6286BEAB2C550EF700F19BB8 /* Preview Assets.xcassets in Resources */ = {isa = PBXBuildFile; fileRef = 6286BEAA2C550EF700F19BB8 /* Preview Assets.xcassets */; };
		6286BEBF2C550EF700F19BB8 /* WeatherForecastUITests.swift in Sources */ = {isa = PBXBuildFile; fileRef = 6286BEBE2C550EF700F19BB8 /* WeatherForecastUITests.swift */; };
		6286BEC12C550EF700F19BB8 /* WeatherForecastUITestsLaunchTests.swift in Sources */ = {isa = PBXBuildFile; fileRef = 6286BEC02C550EF700F19BB8 /* WeatherForecastUITestsLaunchTests.swift */; };
		6286BECF2C5511A900F19BB8 /* SearchLocationView.swift in Sources */ = {isa = PBXBuildFile; fileRef = 6286BECE2C5511A900F19BB8 /* SearchLocationView.swift */; };
		6286BED12C5511CB00F19BB8 /* SearchLocationViewModel.swift in Sources */ = {isa = PBXBuildFile; fileRef = 6286BED02C5511CB00F19BB8 /* SearchLocationViewModel.swift */; };
		6286BED52C55121400F19BB8 /* City.swift in Sources */ = {isa = PBXBuildFile; fileRef = 6286BED42C55121400F19BB8 /* City.swift */; };
		6286BED82C55125700F19BB8 /* Astro.swift in Sources */ = {isa = PBXBuildFile; fileRef = 6286BED72C55125700F19BB8 /* Astro.swift */; };
		6286BEDB2C5512A700F19BB8 /* AppUserDefaults.swift in Sources */ = {isa = PBXBuildFile; fileRef = 6286BEDA2C5512A700F19BB8 /* AppUserDefaults.swift */; };
		6286BEDD2C5512F700F19BB8 /* LocationForecast.swift in Sources */ = {isa = PBXBuildFile; fileRef = 6286BEDC2C5512F700F19BB8 /* LocationForecast.swift */; };
		6286BEE02C55143100F19BB8 /* UserDefaults+Extensions.swift in Sources */ = {isa = PBXBuildFile; fileRef = 6286BEDF2C55143100F19BB8 /* UserDefaults+Extensions.swift */; };
		6286BEE22C55153C00F19BB8 /* Location.swift in Sources */ = {isa = PBXBuildFile; fileRef = 6286BEE12C55153C00F19BB8 /* Location.swift */; };
		6286BEE42C55155400F19BB8 /* ForeCast.swift in Sources */ = {isa = PBXBuildFile; fileRef = 6286BEE32C55155400F19BB8 /* ForeCast.swift */; };
		6286BEE62C55157900F19BB8 /* ForeCastDay.swift in Sources */ = {isa = PBXBuildFile; fileRef = 6286BEE52C55157900F19BB8 /* ForeCastDay.swift */; };
		6286BEE82C55159900F19BB8 /* Day.swift in Sources */ = {isa = PBXBuildFile; fileRef = 6286BEE72C55159900F19BB8 /* Day.swift */; };
		6286BEEA2C55164800F19BB8 /* Hour.swift in Sources */ = {isa = PBXBuildFile; fileRef = 6286BEE92C55164800F19BB8 /* Hour.swift */; };
		6286BEEC2C55166500F19BB8 /* Condition.swift in Sources */ = {isa = PBXBuildFile; fileRef = 6286BEEB2C55166500F19BB8 /* Condition.swift */; };
		6286BEEF2C55181A00F19BB8 /* Colors.swift in Sources */ = {isa = PBXBuildFile; fileRef = 6286BEEE2C55181A00F19BB8 /* Colors.swift */; };
		6286BEF22C5518E900F19BB8 /* Colors.xcassets in Resources */ = {isa = PBXBuildFile; fileRef = 6286BEF12C5518E900F19BB8 /* Colors.xcassets */; };
		6286BEF52C55198500F19BB8 /* NetworkManager.swift in Sources */ = {isa = PBXBuildFile; fileRef = 6286BEF42C55198500F19BB8 /* NetworkManager.swift */; };
		6286BEF92C551AC200F19BB8 /* Alamofire in Frameworks */ = {isa = PBXBuildFile; productRef = 6286BEF82C551AC200F19BB8 /* Alamofire */; };
		6286BEFB2C551B0700F19BB8 /* NetworkServiceError.swift in Sources */ = {isa = PBXBuildFile; fileRef = 6286BEFA2C551B0700F19BB8 /* NetworkServiceError.swift */; };
		6286BEFD2C551C0800F19BB8 /* View+Extensions.swift in Sources */ = {isa = PBXBuildFile; fileRef = 6286BEFC2C551C0800F19BB8 /* View+Extensions.swift */; };
		6286BEFF2C551C6100F19BB8 /* ToastMessageModel.swift in Sources */ = {isa = PBXBuildFile; fileRef = 6286BEFE2C551C6100F19BB8 /* ToastMessageModel.swift */; };
		6286BF032C551CB200F19BB8 /* ToastView.swift in Sources */ = {isa = PBXBuildFile; fileRef = 6286BF022C551CB200F19BB8 /* ToastView.swift */; };
		6286BF072C551D0B00F19BB8 /* MessageView.swift in Sources */ = {isa = PBXBuildFile; fileRef = 6286BF062C551D0B00F19BB8 /* MessageView.swift */; };
		6286BF0A2C551E0900F19BB8 /* MoreInfoView.swift in Sources */ = {isa = PBXBuildFile; fileRef = 6286BF092C551E0900F19BB8 /* MoreInfoView.swift */; };
		6286BF0C2C551E2B00F19BB8 /* WeatherDashboardView.swift in Sources */ = {isa = PBXBuildFile; fileRef = 6286BF0B2C551E2B00F19BB8 /* WeatherDashboardView.swift */; };
		6286BF0F2C551E5A00F19BB8 /* WeatherDashboardViewModel.swift in Sources */ = {isa = PBXBuildFile; fileRef = 6286BF0E2C551E5A00F19BB8 /* WeatherDashboardViewModel.swift */; };
		6286BF122C551EDC00F19BB8 /* HistoryIntegrationService.swift in Sources */ = {isa = PBXBuildFile; fileRef = 6286BF112C551EDC00F19BB8 /* HistoryIntegrationService.swift */; };
		6286BF142C551F0400F19BB8 /* HistoryIntegrationHandler.swift in Sources */ = {isa = PBXBuildFile; fileRef = 6286BF132C551F0400F19BB8 /* HistoryIntegrationHandler.swift */; };
		6286BF162C551F3700F19BB8 /* Config.swift in Sources */ = {isa = PBXBuildFile; fileRef = 6286BF152C551F3700F19BB8 /* Config.swift */; };
		6286BF182C551F6300F19BB8 /*  Date+Extension.swift in Sources */ = {isa = PBXBuildFile; fileRef = 6286BF172C551F6300F19BB8 /*  Date+Extension.swift */; };
		6286BF1A2C551F7800F19BB8 /* Double+Extension.swift in Sources */ = {isa = PBXBuildFile; fileRef = 6286BF192C551F7800F19BB8 /* Double+Extension.swift */; };
		6286BF1C2C551F9C00F19BB8 /* Int+Extensions.swift in Sources */ = {isa = PBXBuildFile; fileRef = 6286BF1B2C551F9C00F19BB8 /* Int+Extensions.swift */; };
		6286BF1E2C551FAD00F19BB8 /* String+Extension.swift in Sources */ = {isa = PBXBuildFile; fileRef = 6286BF1D2C551FAD00F19BB8 /* String+Extension.swift */; };
		6286BF212C551FEC00F19BB8 /* DateFormatterManager.swift in Sources */ = {isa = PBXBuildFile; fileRef = 6286BF202C551FEC00F19BB8 /* DateFormatterManager.swift */; };
		6286BF232C55200700F19BB8 /* LocationManager.swift in Sources */ = {isa = PBXBuildFile; fileRef = 6286BF222C55200700F19BB8 /* LocationManager.swift */; };
		6286BF252C55203B00F19BB8 /* WeatherView.swift in Sources */ = {isa = PBXBuildFile; fileRef = 6286BF242C55203B00F19BB8 /* WeatherView.swift */; };
		6286BF282C5520E800F19BB8 /* WeatherViewDataSourceModel.swift in Sources */ = {isa = PBXBuildFile; fileRef = 6286BF272C5520E800F19BB8 /* WeatherViewDataSourceModel.swift */; };
		6286BF2B2C5523D600F19BB8 /* Constants.swift in Sources */ = {isa = PBXBuildFile; fileRef = 6286BF2A2C5523D600F19BB8 /* Constants.swift */; };
		6286BF2D2C55265300F19BB8 /* Cities.json in Resources */ = {isa = PBXBuildFile; fileRef = 6286BF2C2C55265300F19BB8 /* Cities.json */; };
		6286BF322C552DFF00F19BB8 /* MockCityResponseProvider.swift in Sources */ = {isa = PBXBuildFile; fileRef = 6286BF312C552DFF00F19BB8 /* MockCityResponseProvider.swift */; };
		6286BF342C552E1B00F19BB8 /* SearchLocationViewModelTests.swift in Sources */ = {isa = PBXBuildFile; fileRef = 6286BF332C552E1B00F19BB8 /* SearchLocationViewModelTests.swift */; };
		6286BF382C552EDA00F19BB8 /* Cities.json in Resources */ = {isa = PBXBuildFile; fileRef = 6286BF372C552EDA00F19BB8 /* Cities.json */; };
		6286BF3B2C552F2800F19BB8 /* Utils.swift in Sources */ = {isa = PBXBuildFile; fileRef = 6286BF3A2C552F2800F19BB8 /* Utils.swift */; };
		6286BF3D2C552F4800F19BB8 /* XCTestCase+Extension.swift in Sources */ = {isa = PBXBuildFile; fileRef = 6286BF3C2C552F4800F19BB8 /* XCTestCase+Extension.swift */; };
		6286BF402C552F7800F19BB8 /* MockHistoryIntegrationService.swift in Sources */ = {isa = PBXBuildFile; fileRef = 6286BF3F2C552F7800F19BB8 /* MockHistoryIntegrationService.swift */; };
		6286BF422C552F9E00F19BB8 /* MockHistoryResponseProvider.swift in Sources */ = {isa = PBXBuildFile; fileRef = 6286BF412C552F9E00F19BB8 /* MockHistoryResponseProvider.swift */; };
		6286BF442C552FF900F19BB8 /* WeatherDashboardViewModelTests.swift in Sources */ = {isa = PBXBuildFile; fileRef = 6286BF432C552FF900F19BB8 /* WeatherDashboardViewModelTests.swift */; };
/* End PBXBuildFile section */

/* Begin PBXContainerItemProxy section */
		6286BEB12C550EF700F19BB8 /* PBXContainerItemProxy */ = {
			isa = PBXContainerItemProxy;
			containerPortal = 6286BE982C550EF500F19BB8 /* Project object */;
			proxyType = 1;
			remoteGlobalIDString = 6286BE9F2C550EF500F19BB8;
			remoteInfo = WeatherForecast;
		};
		6286BEBB2C550EF700F19BB8 /* PBXContainerItemProxy */ = {
			isa = PBXContainerItemProxy;
			containerPortal = 6286BE982C550EF500F19BB8 /* Project object */;
			proxyType = 1;
			remoteGlobalIDString = 6286BE9F2C550EF500F19BB8;
			remoteInfo = WeatherForecast;
		};
/* End PBXContainerItemProxy section */

/* Begin PBXFileReference section */
		6286BEA02C550EF500F19BB8 /* WeatherForecast.app */ = {isa = PBXFileReference; explicitFileType = wrapper.application; includeInIndex = 0; path = WeatherForecast.app; sourceTree = BUILT_PRODUCTS_DIR; };
		6286BEA32C550EF500F19BB8 /* WeatherForecastApp.swift */ = {isa = PBXFileReference; lastKnownFileType = sourcecode.swift; path = WeatherForecastApp.swift; sourceTree = "<group>"; };
		6286BEA72C550EF700F19BB8 /* Assets.xcassets */ = {isa = PBXFileReference; lastKnownFileType = folder.assetcatalog; path = Assets.xcassets; sourceTree = "<group>"; };
		6286BEAA2C550EF700F19BB8 /* Preview Assets.xcassets */ = {isa = PBXFileReference; lastKnownFileType = folder.assetcatalog; path = "Preview Assets.xcassets"; sourceTree = "<group>"; };
		6286BEB02C550EF700F19BB8 /* WeatherForecastTests.xctest */ = {isa = PBXFileReference; explicitFileType = wrapper.cfbundle; includeInIndex = 0; path = WeatherForecastTests.xctest; sourceTree = BUILT_PRODUCTS_DIR; };
		6286BEBA2C550EF700F19BB8 /* WeatherForecastUITests.xctest */ = {isa = PBXFileReference; explicitFileType = wrapper.cfbundle; includeInIndex = 0; path = WeatherForecastUITests.xctest; sourceTree = BUILT_PRODUCTS_DIR; };
		6286BEBE2C550EF700F19BB8 /* WeatherForecastUITests.swift */ = {isa = PBXFileReference; lastKnownFileType = sourcecode.swift; path = WeatherForecastUITests.swift; sourceTree = "<group>"; };
		6286BEC02C550EF700F19BB8 /* WeatherForecastUITestsLaunchTests.swift */ = {isa = PBXFileReference; lastKnownFileType = sourcecode.swift; path = WeatherForecastUITestsLaunchTests.swift; sourceTree = "<group>"; };
		6286BECE2C5511A900F19BB8 /* SearchLocationView.swift */ = {isa = PBXFileReference; lastKnownFileType = sourcecode.swift; path = SearchLocationView.swift; sourceTree = "<group>"; };
		6286BED02C5511CB00F19BB8 /* SearchLocationViewModel.swift */ = {isa = PBXFileReference; lastKnownFileType = sourcecode.swift; path = SearchLocationViewModel.swift; sourceTree = "<group>"; };
		6286BED42C55121400F19BB8 /* City.swift */ = {isa = PBXFileReference; lastKnownFileType = sourcecode.swift; path = City.swift; sourceTree = "<group>"; };
		6286BED72C55125700F19BB8 /* Astro.swift */ = {isa = PBXFileReference; lastKnownFileType = sourcecode.swift; path = Astro.swift; sourceTree = "<group>"; };
		6286BEDA2C5512A700F19BB8 /* AppUserDefaults.swift */ = {isa = PBXFileReference; lastKnownFileType = sourcecode.swift; path = AppUserDefaults.swift; sourceTree = "<group>"; };
		6286BEDC2C5512F700F19BB8 /* LocationForecast.swift */ = {isa = PBXFileReference; lastKnownFileType = sourcecode.swift; path = LocationForecast.swift; sourceTree = "<group>"; };
		6286BEDF2C55143100F19BB8 /* UserDefaults+Extensions.swift */ = {isa = PBXFileReference; lastKnownFileType = sourcecode.swift; path = "UserDefaults+Extensions.swift"; sourceTree = "<group>"; };
		6286BEE12C55153C00F19BB8 /* Location.swift */ = {isa = PBXFileReference; lastKnownFileType = sourcecode.swift; path = Location.swift; sourceTree = "<group>"; };
		6286BEE32C55155400F19BB8 /* ForeCast.swift */ = {isa = PBXFileReference; lastKnownFileType = sourcecode.swift; path = ForeCast.swift; sourceTree = "<group>"; };
		6286BEE52C55157900F19BB8 /* ForeCastDay.swift */ = {isa = PBXFileReference; lastKnownFileType = sourcecode.swift; path = ForeCastDay.swift; sourceTree = "<group>"; };
		6286BEE72C55159900F19BB8 /* Day.swift */ = {isa = PBXFileReference; lastKnownFileType = sourcecode.swift; path = Day.swift; sourceTree = "<group>"; };
		6286BEE92C55164800F19BB8 /* Hour.swift */ = {isa = PBXFileReference; lastKnownFileType = sourcecode.swift; path = Hour.swift; sourceTree = "<group>"; };
		6286BEEB2C55166500F19BB8 /* Condition.swift */ = {isa = PBXFileReference; lastKnownFileType = sourcecode.swift; path = Condition.swift; sourceTree = "<group>"; };
		6286BEEE2C55181A00F19BB8 /* Colors.swift */ = {isa = PBXFileReference; lastKnownFileType = sourcecode.swift; path = Colors.swift; sourceTree = "<group>"; };
		6286BEF12C5518E900F19BB8 /* Colors.xcassets */ = {isa = PBXFileReference; lastKnownFileType = folder.assetcatalog; path = Colors.xcassets; sourceTree = "<group>"; };
		6286BEF42C55198500F19BB8 /* NetworkManager.swift */ = {isa = PBXFileReference; lastKnownFileType = sourcecode.swift; path = NetworkManager.swift; sourceTree = "<group>"; };
		6286BEFA2C551B0700F19BB8 /* NetworkServiceError.swift */ = {isa = PBXFileReference; lastKnownFileType = sourcecode.swift; path = NetworkServiceError.swift; sourceTree = "<group>"; };
		6286BEFC2C551C0800F19BB8 /* View+Extensions.swift */ = {isa = PBXFileReference; lastKnownFileType = sourcecode.swift; path = "View+Extensions.swift"; sourceTree = "<group>"; };
		6286BEFE2C551C6100F19BB8 /* ToastMessageModel.swift */ = {isa = PBXFileReference; lastKnownFileType = sourcecode.swift; path = ToastMessageModel.swift; sourceTree = "<group>"; };
		6286BF022C551CB200F19BB8 /* ToastView.swift */ = {isa = PBXFileReference; lastKnownFileType = sourcecode.swift; path = ToastView.swift; sourceTree = "<group>"; };
		6286BF062C551D0B00F19BB8 /* MessageView.swift */ = {isa = PBXFileReference; lastKnownFileType = sourcecode.swift; path = MessageView.swift; sourceTree = "<group>"; };
		6286BF092C551E0900F19BB8 /* MoreInfoView.swift */ = {isa = PBXFileReference; lastKnownFileType = sourcecode.swift; path = MoreInfoView.swift; sourceTree = "<group>"; };
		6286BF0B2C551E2B00F19BB8 /* WeatherDashboardView.swift */ = {isa = PBXFileReference; lastKnownFileType = sourcecode.swift; path = WeatherDashboardView.swift; sourceTree = "<group>"; };
		6286BF0E2C551E5A00F19BB8 /* WeatherDashboardViewModel.swift */ = {isa = PBXFileReference; lastKnownFileType = sourcecode.swift; path = WeatherDashboardViewModel.swift; sourceTree = "<group>"; };
		6286BF112C551EDC00F19BB8 /* HistoryIntegrationService.swift */ = {isa = PBXFileReference; lastKnownFileType = sourcecode.swift; path = HistoryIntegrationService.swift; sourceTree = "<group>"; };
		6286BF132C551F0400F19BB8 /* HistoryIntegrationHandler.swift */ = {isa = PBXFileReference; lastKnownFileType = sourcecode.swift; path = HistoryIntegrationHandler.swift; sourceTree = "<group>"; };
		6286BF152C551F3700F19BB8 /* Config.swift */ = {isa = PBXFileReference; lastKnownFileType = sourcecode.swift; path = Config.swift; sourceTree = "<group>"; };
		6286BF172C551F6300F19BB8 /*  Date+Extension.swift */ = {isa = PBXFileReference; lastKnownFileType = sourcecode.swift; path = " Date+Extension.swift"; sourceTree = "<group>"; };
		6286BF192C551F7800F19BB8 /* Double+Extension.swift */ = {isa = PBXFileReference; lastKnownFileType = sourcecode.swift; path = "Double+Extension.swift"; sourceTree = "<group>"; };
		6286BF1B2C551F9C00F19BB8 /* Int+Extensions.swift */ = {isa = PBXFileReference; lastKnownFileType = sourcecode.swift; path = "Int+Extensions.swift"; sourceTree = "<group>"; };
		6286BF1D2C551FAD00F19BB8 /* String+Extension.swift */ = {isa = PBXFileReference; lastKnownFileType = sourcecode.swift; path = "String+Extension.swift"; sourceTree = "<group>"; };
		6286BF202C551FEC00F19BB8 /* DateFormatterManager.swift */ = {isa = PBXFileReference; lastKnownFileType = sourcecode.swift; path = DateFormatterManager.swift; sourceTree = "<group>"; };
		6286BF222C55200700F19BB8 /* LocationManager.swift */ = {isa = PBXFileReference; lastKnownFileType = sourcecode.swift; path = LocationManager.swift; sourceTree = "<group>"; };
		6286BF242C55203B00F19BB8 /* WeatherView.swift */ = {isa = PBXFileReference; lastKnownFileType = sourcecode.swift; path = WeatherView.swift; sourceTree = "<group>"; };
		6286BF272C5520E800F19BB8 /* WeatherViewDataSourceModel.swift */ = {isa = PBXFileReference; lastKnownFileType = sourcecode.swift; path = WeatherViewDataSourceModel.swift; sourceTree = "<group>"; };
		6286BF2A2C5523D600F19BB8 /* Constants.swift */ = {isa = PBXFileReference; lastKnownFileType = sourcecode.swift; path = Constants.swift; sourceTree = "<group>"; };
		6286BF2C2C55265300F19BB8 /* Cities.json */ = {isa = PBXFileReference; lastKnownFileType = text.json; path = Cities.json; sourceTree = "<group>"; };
		6286BF2E2C55287800F19BB8 /* Info.plist */ = {isa = PBXFileReference; lastKnownFileType = text.plist.xml; path = Info.plist; sourceTree = "<group>"; };
		6286BF312C552DFF00F19BB8 /* MockCityResponseProvider.swift */ = {isa = PBXFileReference; lastKnownFileType = sourcecode.swift; path = MockCityResponseProvider.swift; sourceTree = "<group>"; };
		6286BF332C552E1B00F19BB8 /* SearchLocationViewModelTests.swift */ = {isa = PBXFileReference; lastKnownFileType = sourcecode.swift; path = SearchLocationViewModelTests.swift; sourceTree = "<group>"; };
		6286BF372C552EDA00F19BB8 /* Cities.json */ = {isa = PBXFileReference; lastKnownFileType = text.json; path = Cities.json; sourceTree = "<group>"; };
		6286BF3A2C552F2800F19BB8 /* Utils.swift */ = {isa = PBXFileReference; lastKnownFileType = sourcecode.swift; path = Utils.swift; sourceTree = "<group>"; };
		6286BF3C2C552F4800F19BB8 /* XCTestCase+Extension.swift */ = {isa = PBXFileReference; lastKnownFileType = sourcecode.swift; path = "XCTestCase+Extension.swift"; sourceTree = "<group>"; };
		6286BF3F2C552F7800F19BB8 /* MockHistoryIntegrationService.swift */ = {isa = PBXFileReference; lastKnownFileType = sourcecode.swift; path = MockHistoryIntegrationService.swift; sourceTree = "<group>"; };
		6286BF412C552F9E00F19BB8 /* MockHistoryResponseProvider.swift */ = {isa = PBXFileReference; lastKnownFileType = sourcecode.swift; path = MockHistoryResponseProvider.swift; sourceTree = "<group>"; };
		6286BF432C552FF900F19BB8 /* WeatherDashboardViewModelTests.swift */ = {isa = PBXFileReference; lastKnownFileType = sourcecode.swift; path = WeatherDashboardViewModelTests.swift; sourceTree = "<group>"; };
/* End PBXFileReference section */

/* Begin PBXFrameworksBuildPhase section */
		6286BE9D2C550EF500F19BB8 /* Frameworks */ = {
			isa = PBXFrameworksBuildPhase;
			buildActionMask = 2147483647;
			files = (
				6286BEF92C551AC200F19BB8 /* Alamofire in Frameworks */,
			);
			runOnlyForDeploymentPostprocessing = 0;
		};
		6286BEAD2C550EF700F19BB8 /* Frameworks */ = {
			isa = PBXFrameworksBuildPhase;
			buildActionMask = 2147483647;
			files = (
			);
			runOnlyForDeploymentPostprocessing = 0;
		};
		6286BEB72C550EF700F19BB8 /* Frameworks */ = {
			isa = PBXFrameworksBuildPhase;
			buildActionMask = 2147483647;
			files = (
			);
			runOnlyForDeploymentPostprocessing = 0;
		};
/* End PBXFrameworksBuildPhase section */

/* Begin PBXGroup section */
		6286BE972C550EF500F19BB8 = {
			isa = PBXGroup;
			children = (
				6286BEA22C550EF500F19BB8 /* WeatherForecast */,
				6286BEB32C550EF700F19BB8 /* WeatherForecastTests */,
				6286BEBD2C550EF700F19BB8 /* WeatherForecastUITests */,
				6286BEA12C550EF500F19BB8 /* Products */,
				6286BEF72C551AC200F19BB8 /* Frameworks */,
			);
			sourceTree = "<group>";
		};
		6286BEA12C550EF500F19BB8 /* Products */ = {
			isa = PBXGroup;
			children = (
				6286BEA02C550EF500F19BB8 /* WeatherForecast.app */,
				6286BEB02C550EF700F19BB8 /* WeatherForecastTests.xctest */,
				6286BEBA2C550EF700F19BB8 /* WeatherForecastUITests.xctest */,
			);
			name = Products;
			sourceTree = "<group>";
		};
		6286BEA22C550EF500F19BB8 /* WeatherForecast */ = {
			isa = PBXGroup;
			children = (
				6286BF2E2C55287800F19BB8 /* Info.plist */,
				6286BF452C578DA700F19BB8 /* WeatherFeature */,
				6286BF1F2C551FD600F19BB8 /* Manager */,
				6286BF012C551C8500F19BB8 /* SharedViews */,
				6286BEF32C55196D00F19BB8 /* Networking */,
				6286BEF02C55187300F19BB8 /* Resources */,
				6286BED92C55128500F19BB8 /* Utilities */,
				6286BED22C5511F100F19BB8 /* Models */,
				6286BEA32C550EF500F19BB8 /* WeatherForecastApp.swift */,
				6286BEA92C550EF700F19BB8 /* Preview Content */,
			);
			path = WeatherForecast;
			sourceTree = "<group>";
		};
		6286BEA92C550EF700F19BB8 /* Preview Content */ = {
			isa = PBXGroup;
			children = (
				6286BEAA2C550EF700F19BB8 /* Preview Assets.xcassets */,
			);
			path = "Preview Content";
			sourceTree = "<group>";
		};
		6286BEB32C550EF700F19BB8 /* WeatherForecastTests */ = {
			isa = PBXGroup;
			children = (
				6286BF3E2C552F6900F19BB8 /* WeatherDashboardViewModelTests */,
				6286BF392C552F1200F19BB8 /* Utilities */,
				6286BF302C552DE700F19BB8 /* SearchLocationViewModelTests */,
			);
			path = WeatherForecastTests;
			sourceTree = "<group>";
		};
		6286BEBD2C550EF700F19BB8 /* WeatherForecastUITests */ = {
			isa = PBXGroup;
			children = (
				6286BEBE2C550EF700F19BB8 /* WeatherForecastUITests.swift */,
				6286BEC02C550EF700F19BB8 /* WeatherForecastUITestsLaunchTests.swift */,
			);
			path = WeatherForecastUITests;
			sourceTree = "<group>";
		};
		6286BECD2C55113100F19BB8 /* SearchLocation */ = {
			isa = PBXGroup;
			children = (
				6286BECE2C5511A900F19BB8 /* SearchLocationView.swift */,
				6286BED02C5511CB00F19BB8 /* SearchLocationViewModel.swift */,
			);
			path = SearchLocation;
			sourceTree = "<group>";
		};
		6286BED22C5511F100F19BB8 /* Models */ = {
			isa = PBXGroup;
			children = (
				6286BF262C5520CB00F19BB8 /* WeatherViewDataSourceModel */,
				6286BF002C551C7100F19BB8 /* ToastMessageModel */,
				6286BED62C55123700F19BB8 /* LocationForecast */,
				6286BED32C55120300F19BB8 /* City */,
			);
			path = Models;
			sourceTree = "<group>";
		};
		6286BED32C55120300F19BB8 /* City */ = {
			isa = PBXGroup;
			children = (
				6286BED42C55121400F19BB8 /* City.swift */,
			);
			path = City;
			sourceTree = "<group>";
		};
		6286BED62C55123700F19BB8 /* LocationForecast */ = {
			isa = PBXGroup;
			children = (
				6286BED72C55125700F19BB8 /* Astro.swift */,
				6286BEDC2C5512F700F19BB8 /* LocationForecast.swift */,
				6286BEE12C55153C00F19BB8 /* Location.swift */,
				6286BEE32C55155400F19BB8 /* ForeCast.swift */,
				6286BEE52C55157900F19BB8 /* ForeCastDay.swift */,
				6286BEE72C55159900F19BB8 /* Day.swift */,
				6286BEE92C55164800F19BB8 /* Hour.swift */,
				6286BEEB2C55166500F19BB8 /* Condition.swift */,
			);
			path = LocationForecast;
			sourceTree = "<group>";
		};
		6286BED92C55128500F19BB8 /* Utilities */ = {
			isa = PBXGroup;
			children = (
				6286BF292C5523C700F19BB8 /* Constants */,
				6286BEED2C55179E00F19BB8 /* ColorsPalette */,
				6286BEDE2C55140E00F19BB8 /* Extensions */,
				6286BEDA2C5512A700F19BB8 /* AppUserDefaults.swift */,
				6286BF152C551F3700F19BB8 /* Config.swift */,
			);
			path = Utilities;
			sourceTree = "<group>";
		};
		6286BEDE2C55140E00F19BB8 /* Extensions */ = {
			isa = PBXGroup;
			children = (
				6286BEDF2C55143100F19BB8 /* UserDefaults+Extensions.swift */,
				6286BEFC2C551C0800F19BB8 /* View+Extensions.swift */,
				6286BF172C551F6300F19BB8 /*  Date+Extension.swift */,
				6286BF192C551F7800F19BB8 /* Double+Extension.swift */,
				6286BF1B2C551F9C00F19BB8 /* Int+Extensions.swift */,
				6286BF1D2C551FAD00F19BB8 /* String+Extension.swift */,
			);
			path = Extensions;
			sourceTree = "<group>";
		};
		6286BEED2C55179E00F19BB8 /* ColorsPalette */ = {
			isa = PBXGroup;
			children = (
				6286BEEE2C55181A00F19BB8 /* Colors.swift */,
			);
			path = ColorsPalette;
			sourceTree = "<group>";
		};
		6286BEF02C55187300F19BB8 /* Resources */ = {
			isa = PBXGroup;
			children = (
				6286BEA72C550EF700F19BB8 /* Assets.xcassets */,
				6286BEF12C5518E900F19BB8 /* Colors.xcassets */,
				6286BF2C2C55265300F19BB8 /* Cities.json */,
			);
			path = Resources;
			sourceTree = "<group>";
		};
		6286BEF32C55196D00F19BB8 /* Networking */ = {
			isa = PBXGroup;
			children = (
				6286BEF42C55198500F19BB8 /* NetworkManager.swift */,
				6286BEFA2C551B0700F19BB8 /* NetworkServiceError.swift */,
			);
			path = Networking;
			sourceTree = "<group>";
		};
		6286BEF72C551AC200F19BB8 /* Frameworks */ = {
			isa = PBXGroup;
			children = (
			);
			name = Frameworks;
			sourceTree = "<group>";
		};
		6286BF002C551C7100F19BB8 /* ToastMessageModel */ = {
			isa = PBXGroup;
			children = (
				6286BEFE2C551C6100F19BB8 /* ToastMessageModel.swift */,
			);
			path = ToastMessageModel;
			sourceTree = "<group>";
		};
		6286BF012C551C8500F19BB8 /* SharedViews */ = {
			isa = PBXGroup;
			children = (
				6286BF022C551CB200F19BB8 /* ToastView.swift */,
				6286BF062C551D0B00F19BB8 /* MessageView.swift */,
			);
			path = SharedViews;
			sourceTree = "<group>";
		};
		6286BF082C551DD900F19BB8 /* WeatherDashboard */ = {
			isa = PBXGroup;
			children = (
				6286BF102C551EAF00F19BB8 /* HistoryNetworkIntegration */,
				6286BF0D2C551E4800F19BB8 /* ViewModel */,
				6286BF092C551E0900F19BB8 /* MoreInfoView.swift */,
				6286BF242C55203B00F19BB8 /* WeatherView.swift */,
				6286BF0B2C551E2B00F19BB8 /* WeatherDashboardView.swift */,
			);
			path = WeatherDashboard;
			sourceTree = "<group>";
		};
		6286BF0D2C551E4800F19BB8 /* ViewModel */ = {
			isa = PBXGroup;
			children = (
				6286BF0E2C551E5A00F19BB8 /* WeatherDashboardViewModel.swift */,
			);
			path = ViewModel;
			sourceTree = "<group>";
		};
		6286BF102C551EAF00F19BB8 /* HistoryNetworkIntegration */ = {
			isa = PBXGroup;
			children = (
				6286BF112C551EDC00F19BB8 /* HistoryIntegrationService.swift */,
				6286BF132C551F0400F19BB8 /* HistoryIntegrationHandler.swift */,
			);
			path = HistoryNetworkIntegration;
			sourceTree = "<group>";
		};
		6286BF1F2C551FD600F19BB8 /* Manager */ = {
			isa = PBXGroup;
			children = (
				6286BF202C551FEC00F19BB8 /* DateFormatterManager.swift */,
				6286BF222C55200700F19BB8 /* LocationManager.swift */,
			);
			path = Manager;
			sourceTree = "<group>";
		};
		6286BF262C5520CB00F19BB8 /* WeatherViewDataSourceModel */ = {
			isa = PBXGroup;
			children = (
				6286BF272C5520E800F19BB8 /* WeatherViewDataSourceModel.swift */,
			);
			path = WeatherViewDataSourceModel;
			sourceTree = "<group>";
		};
		6286BF292C5523C700F19BB8 /* Constants */ = {
			isa = PBXGroup;
			children = (
				6286BF2A2C5523D600F19BB8 /* Constants.swift */,
			);
			path = Constants;
			sourceTree = "<group>";
		};
		6286BF302C552DE700F19BB8 /* SearchLocationViewModelTests */ = {
			isa = PBXGroup;
			children = (
				6286BF352C552E9A00F19BB8 /* Cities */,
				6286BF312C552DFF00F19BB8 /* MockCityResponseProvider.swift */,
				6286BF332C552E1B00F19BB8 /* SearchLocationViewModelTests.swift */,
			);
			path = SearchLocationViewModelTests;
			sourceTree = "<group>";
		};
		6286BF352C552E9A00F19BB8 /* Cities */ = {
			isa = PBXGroup;
			children = (
				6286BF372C552EDA00F19BB8 /* Cities.json */,
			);
			path = Cities;
			sourceTree = "<group>";
		};
		6286BF392C552F1200F19BB8 /* Utilities */ = {
			isa = PBXGroup;
			children = (
				6286BF3A2C552F2800F19BB8 /* Utils.swift */,
				6286BF3C2C552F4800F19BB8 /* XCTestCase+Extension.swift */,
			);
			path = Utilities;
			sourceTree = "<group>";
		};
		6286BF3E2C552F6900F19BB8 /* WeatherDashboardViewModelTests */ = {
			isa = PBXGroup;
			children = (
				6286BF3F2C552F7800F19BB8 /* MockHistoryIntegrationService.swift */,
				6286BF412C552F9E00F19BB8 /* MockHistoryResponseProvider.swift */,
				6286BF432C552FF900F19BB8 /* WeatherDashboardViewModelTests.swift */,
			);
			path = WeatherDashboardViewModelTests;
			sourceTree = "<group>";
		};
		6286BF452C578DA700F19BB8 /* WeatherFeature */ = {
			isa = PBXGroup;
			children = (
				6286BF082C551DD900F19BB8 /* WeatherDashboard */,
				6286BECD2C55113100F19BB8 /* SearchLocation */,
			);
			path = WeatherFeature;
			sourceTree = "<group>";
		};
/* End PBXGroup section */

/* Begin PBXNativeTarget section */
		6286BE9F2C550EF500F19BB8 /* WeatherForecast */ = {
			isa = PBXNativeTarget;
			buildConfigurationList = 6286BEC42C550EF700F19BB8 /* Build configuration list for PBXNativeTarget "WeatherForecast" */;
			buildPhases = (
				6286BE9C2C550EF500F19BB8 /* Sources */,
				6286BE9D2C550EF500F19BB8 /* Frameworks */,
				6286BE9E2C550EF500F19BB8 /* Resources */,
			);
			buildRules = (
			);
			dependencies = (
			);
			name = WeatherForecast;
			packageProductDependencies = (
				6286BEF82C551AC200F19BB8 /* Alamofire */,
			);
			productName = WeatherForecast;
			productReference = 6286BEA02C550EF500F19BB8 /* WeatherForecast.app */;
			productType = "com.apple.product-type.application";
		};
		6286BEAF2C550EF700F19BB8 /* WeatherForecastTests */ = {
			isa = PBXNativeTarget;
			buildConfigurationList = 6286BEC72C550EF700F19BB8 /* Build configuration list for PBXNativeTarget "WeatherForecastTests" */;
			buildPhases = (
				6286BEAC2C550EF700F19BB8 /* Sources */,
				6286BEAD2C550EF700F19BB8 /* Frameworks */,
				6286BEAE2C550EF700F19BB8 /* Resources */,
			);
			buildRules = (
			);
			dependencies = (
				6286BEB22C550EF700F19BB8 /* PBXTargetDependency */,
			);
			name = WeatherForecastTests;
			productName = WeatherForecastTests;
			productReference = 6286BEB02C550EF700F19BB8 /* WeatherForecastTests.xctest */;
			productType = "com.apple.product-type.bundle.unit-test";
		};
		6286BEB92C550EF700F19BB8 /* WeatherForecastUITests */ = {
			isa = PBXNativeTarget;
			buildConfigurationList = 6286BECA2C550EF700F19BB8 /* Build configuration list for PBXNativeTarget "WeatherForecastUITests" */;
			buildPhases = (
				6286BEB62C550EF700F19BB8 /* Sources */,
				6286BEB72C550EF700F19BB8 /* Frameworks */,
				6286BEB82C550EF700F19BB8 /* Resources */,
			);
			buildRules = (
			);
			dependencies = (
				6286BEBC2C550EF700F19BB8 /* PBXTargetDependency */,
			);
			name = WeatherForecastUITests;
			productName = WeatherForecastUITests;
			productReference = 6286BEBA2C550EF700F19BB8 /* WeatherForecastUITests.xctest */;
			productType = "com.apple.product-type.bundle.ui-testing";
		};
/* End PBXNativeTarget section */

/* Begin PBXProject section */
		6286BE982C550EF500F19BB8 /* Project object */ = {
			isa = PBXProject;
			attributes = {
				BuildIndependentTargetsInParallel = 1;
				LastSwiftUpdateCheck = 1540;
				LastUpgradeCheck = 1540;
				TargetAttributes = {
					6286BE9F2C550EF500F19BB8 = {
						CreatedOnToolsVersion = 15.4;
					};
					6286BEAF2C550EF700F19BB8 = {
						CreatedOnToolsVersion = 15.4;
						TestTargetID = 6286BE9F2C550EF500F19BB8;
					};
					6286BEB92C550EF700F19BB8 = {
						CreatedOnToolsVersion = 15.4;
						TestTargetID = 6286BE9F2C550EF500F19BB8;
					};
				};
			};
			buildConfigurationList = 6286BE9B2C550EF500F19BB8 /* Build configuration list for PBXProject "WeatherForecast" */;
			compatibilityVersion = "Xcode 14.0";
			developmentRegion = en;
			hasScannedForEncodings = 0;
			knownRegions = (
				en,
				Base,
			);
			mainGroup = 6286BE972C550EF500F19BB8;
			packageReferences = (
				6286BEF62C551A7500F19BB8 /* XCRemoteSwiftPackageReference "Alamofire" */,
			);
			productRefGroup = 6286BEA12C550EF500F19BB8 /* Products */;
			projectDirPath = "";
			projectRoot = "";
			targets = (
				6286BE9F2C550EF500F19BB8 /* WeatherForecast */,
				6286BEAF2C550EF700F19BB8 /* WeatherForecastTests */,
				6286BEB92C550EF700F19BB8 /* WeatherForecastUITests */,
			);
		};
/* End PBXProject section */

/* Begin PBXResourcesBuildPhase section */
		6286BE9E2C550EF500F19BB8 /* Resources */ = {
			isa = PBXResourcesBuildPhase;
			buildActionMask = 2147483647;
			files = (
				6286BF2D2C55265300F19BB8 /* Cities.json in Resources */,
				6286BEF22C5518E900F19BB8 /* Colors.xcassets in Resources */,
				6286BEAB2C550EF700F19BB8 /* Preview Assets.xcassets in Resources */,
				6286BEA82C550EF700F19BB8 /* Assets.xcassets in Resources */,
			);
			runOnlyForDeploymentPostprocessing = 0;
		};
		6286BEAE2C550EF700F19BB8 /* Resources */ = {
			isa = PBXResourcesBuildPhase;
			buildActionMask = 2147483647;
			files = (
				6286BF382C552EDA00F19BB8 /* Cities.json in Resources */,
			);
			runOnlyForDeploymentPostprocessing = 0;
		};
		6286BEB82C550EF700F19BB8 /* Resources */ = {
			isa = PBXResourcesBuildPhase;
			buildActionMask = 2147483647;
			files = (
			);
			runOnlyForDeploymentPostprocessing = 0;
		};
/* End PBXResourcesBuildPhase section */

/* Begin PBXSourcesBuildPhase section */
		6286BE9C2C550EF500F19BB8 /* Sources */ = {
			isa = PBXSourcesBuildPhase;
			buildActionMask = 2147483647;
			files = (
				6286BF0C2C551E2B00F19BB8 /* WeatherDashboardView.swift in Sources */,
				6286BF032C551CB200F19BB8 /* ToastView.swift in Sources */,
				6286BF122C551EDC00F19BB8 /* HistoryIntegrationService.swift in Sources */,
				6286BF282C5520E800F19BB8 /* WeatherViewDataSourceModel.swift in Sources */,
				6286BEFB2C551B0700F19BB8 /* NetworkServiceError.swift in Sources */,
				6286BF252C55203B00F19BB8 /* WeatherView.swift in Sources */,
				6286BEE02C55143100F19BB8 /* UserDefaults+Extensions.swift in Sources */,
				6286BEE22C55153C00F19BB8 /* Location.swift in Sources */,
				6286BEE42C55155400F19BB8 /* ForeCast.swift in Sources */,
				6286BF1A2C551F7800F19BB8 /* Double+Extension.swift in Sources */,
				6286BF072C551D0B00F19BB8 /* MessageView.swift in Sources */,
				6286BEEC2C55166500F19BB8 /* Condition.swift in Sources */,
				6286BEDD2C5512F700F19BB8 /* LocationForecast.swift in Sources */,
				6286BEE62C55157900F19BB8 /* ForeCastDay.swift in Sources */,
				6286BEE82C55159900F19BB8 /* Day.swift in Sources */,
				6286BF182C551F6300F19BB8 /*  Date+Extension.swift in Sources */,
				6286BED52C55121400F19BB8 /* City.swift in Sources */,
				6286BF1E2C551FAD00F19BB8 /* String+Extension.swift in Sources */,
				6286BEEF2C55181A00F19BB8 /* Colors.swift in Sources */,
				6286BF232C55200700F19BB8 /* LocationManager.swift in Sources */,
				6286BEFD2C551C0800F19BB8 /* View+Extensions.swift in Sources */,
				6286BF142C551F0400F19BB8 /* HistoryIntegrationHandler.swift in Sources */,
				6286BF162C551F3700F19BB8 /* Config.swift in Sources */,
				6286BF1C2C551F9C00F19BB8 /* Int+Extensions.swift in Sources */,
				6286BF212C551FEC00F19BB8 /* DateFormatterManager.swift in Sources */,
				6286BF0F2C551E5A00F19BB8 /* WeatherDashboardViewModel.swift in Sources */,
				6286BEF52C55198500F19BB8 /* NetworkManager.swift in Sources */,
				6286BECF2C5511A900F19BB8 /* SearchLocationView.swift in Sources */,
				6286BEA42C550EF500F19BB8 /* WeatherForecastApp.swift in Sources */,
				6286BED12C5511CB00F19BB8 /* SearchLocationViewModel.swift in Sources */,
				6286BEDB2C5512A700F19BB8 /* AppUserDefaults.swift in Sources */,
				6286BED82C55125700F19BB8 /* Astro.swift in Sources */,
				6286BEEA2C55164800F19BB8 /* Hour.swift in Sources */,
				6286BF0A2C551E0900F19BB8 /* MoreInfoView.swift in Sources */,
				6286BF2B2C5523D600F19BB8 /* Constants.swift in Sources */,
				6286BEFF2C551C6100F19BB8 /* ToastMessageModel.swift in Sources */,
			);
			runOnlyForDeploymentPostprocessing = 0;
		};
		6286BEAC2C550EF700F19BB8 /* Sources */ = {
			isa = PBXSourcesBuildPhase;
			buildActionMask = 2147483647;
			files = (
				6286BF322C552DFF00F19BB8 /* MockCityResponseProvider.swift in Sources */,
				6286BF422C552F9E00F19BB8 /* MockHistoryResponseProvider.swift in Sources */,
				6286BF342C552E1B00F19BB8 /* SearchLocationViewModelTests.swift in Sources */,
				6286BF3B2C552F2800F19BB8 /* Utils.swift in Sources */,
				6286BF3D2C552F4800F19BB8 /* XCTestCase+Extension.swift in Sources */,
				6286BF442C552FF900F19BB8 /* WeatherDashboardViewModelTests.swift in Sources */,
				6286BF402C552F7800F19BB8 /* MockHistoryIntegrationService.swift in Sources */,
			);
			runOnlyForDeploymentPostprocessing = 0;
		};
		6286BEB62C550EF700F19BB8 /* Sources */ = {
			isa = PBXSourcesBuildPhase;
			buildActionMask = 2147483647;
			files = (
				6286BEC12C550EF700F19BB8 /* WeatherForecastUITestsLaunchTests.swift in Sources */,
				6286BEBF2C550EF700F19BB8 /* WeatherForecastUITests.swift in Sources */,
			);
			runOnlyForDeploymentPostprocessing = 0;
		};
/* End PBXSourcesBuildPhase section */

/* Begin PBXTargetDependency section */
		6286BEB22C550EF700F19BB8 /* PBXTargetDependency */ = {
			isa = PBXTargetDependency;
			target = 6286BE9F2C550EF500F19BB8 /* WeatherForecast */;
			targetProxy = 6286BEB12C550EF700F19BB8 /* PBXContainerItemProxy */;
		};
		6286BEBC2C550EF700F19BB8 /* PBXTargetDependency */ = {
			isa = PBXTargetDependency;
			target = 6286BE9F2C550EF500F19BB8 /* WeatherForecast */;
			targetProxy = 6286BEBB2C550EF700F19BB8 /* PBXContainerItemProxy */;
		};
/* End PBXTargetDependency section */

/* Begin XCBuildConfiguration section */
		6286BEC22C550EF700F19BB8 /* Debug */ = {
			isa = XCBuildConfiguration;
			buildSettings = {
				ALWAYS_SEARCH_USER_PATHS = NO;
				ASSETCATALOG_COMPILER_GENERATE_SWIFT_ASSET_SYMBOL_EXTENSIONS = YES;
				CLANG_ANALYZER_NONNULL = YES;
				CLANG_ANALYZER_NUMBER_OBJECT_CONVERSION = YES_AGGRESSIVE;
				CLANG_CXX_LANGUAGE_STANDARD = "gnu++20";
				CLANG_ENABLE_MODULES = YES;
				CLANG_ENABLE_OBJC_ARC = YES;
				CLANG_ENABLE_OBJC_WEAK = YES;
				CLANG_WARN_BLOCK_CAPTURE_AUTORELEASING = YES;
				CLANG_WARN_BOOL_CONVERSION = YES;
				CLANG_WARN_COMMA = YES;
				CLANG_WARN_CONSTANT_CONVERSION = YES;
				CLANG_WARN_DEPRECATED_OBJC_IMPLEMENTATIONS = YES;
				CLANG_WARN_DIRECT_OBJC_ISA_USAGE = YES_ERROR;
				CLANG_WARN_DOCUMENTATION_COMMENTS = YES;
				CLANG_WARN_EMPTY_BODY = YES;
				CLANG_WARN_ENUM_CONVERSION = YES;
				CLANG_WARN_INFINITE_RECURSION = YES;
				CLANG_WARN_INT_CONVERSION = YES;
				CLANG_WARN_NON_LITERAL_NULL_CONVERSION = YES;
				CLANG_WARN_OBJC_IMPLICIT_RETAIN_SELF = YES;
				CLANG_WARN_OBJC_LITERAL_CONVERSION = YES;
				CLANG_WARN_OBJC_ROOT_CLASS = YES_ERROR;
				CLANG_WARN_QUOTED_INCLUDE_IN_FRAMEWORK_HEADER = YES;
				CLANG_WARN_RANGE_LOOP_ANALYSIS = YES;
				CLANG_WARN_STRICT_PROTOTYPES = YES;
				CLANG_WARN_SUSPICIOUS_MOVE = YES;
				CLANG_WARN_UNGUARDED_AVAILABILITY = YES_AGGRESSIVE;
				CLANG_WARN_UNREACHABLE_CODE = YES;
				CLANG_WARN__DUPLICATE_METHOD_MATCH = YES;
				COPY_PHASE_STRIP = NO;
				DEBUG_INFORMATION_FORMAT = dwarf;
				ENABLE_STRICT_OBJC_MSGSEND = YES;
				ENABLE_TESTABILITY = YES;
				ENABLE_USER_SCRIPT_SANDBOXING = YES;
				GCC_C_LANGUAGE_STANDARD = gnu17;
				GCC_DYNAMIC_NO_PIC = NO;
				GCC_NO_COMMON_BLOCKS = YES;
				GCC_OPTIMIZATION_LEVEL = 0;
				GCC_PREPROCESSOR_DEFINITIONS = (
					"DEBUG=1",
					"$(inherited)",
				);
				GCC_WARN_64_TO_32_BIT_CONVERSION = YES;
				GCC_WARN_ABOUT_RETURN_TYPE = YES_ERROR;
				GCC_WARN_UNDECLARED_SELECTOR = YES;
				GCC_WARN_UNINITIALIZED_AUTOS = YES_AGGRESSIVE;
				GCC_WARN_UNUSED_FUNCTION = YES;
				GCC_WARN_UNUSED_VARIABLE = YES;
				IPHONEOS_DEPLOYMENT_TARGET = 17.5;
				LOCALIZATION_PREFERS_STRING_CATALOGS = YES;
				MTL_ENABLE_DEBUG_INFO = INCLUDE_SOURCE;
				MTL_FAST_MATH = YES;
				ONLY_ACTIVE_ARCH = YES;
				SDKROOT = iphoneos;
				SWIFT_ACTIVE_COMPILATION_CONDITIONS = "DEBUG $(inherited)";
				SWIFT_OPTIMIZATION_LEVEL = "-Onone";
			};
			name = Debug;
		};
		6286BEC32C550EF700F19BB8 /* Release */ = {
			isa = XCBuildConfiguration;
			buildSettings = {
				ALWAYS_SEARCH_USER_PATHS = NO;
				ASSETCATALOG_COMPILER_GENERATE_SWIFT_ASSET_SYMBOL_EXTENSIONS = YES;
				CLANG_ANALYZER_NONNULL = YES;
				CLANG_ANALYZER_NUMBER_OBJECT_CONVERSION = YES_AGGRESSIVE;
				CLANG_CXX_LANGUAGE_STANDARD = "gnu++20";
				CLANG_ENABLE_MODULES = YES;
				CLANG_ENABLE_OBJC_ARC = YES;
				CLANG_ENABLE_OBJC_WEAK = YES;
				CLANG_WARN_BLOCK_CAPTURE_AUTORELEASING = YES;
				CLANG_WARN_BOOL_CONVERSION = YES;
				CLANG_WARN_COMMA = YES;
				CLANG_WARN_CONSTANT_CONVERSION = YES;
				CLANG_WARN_DEPRECATED_OBJC_IMPLEMENTATIONS = YES;
				CLANG_WARN_DIRECT_OBJC_ISA_USAGE = YES_ERROR;
				CLANG_WARN_DOCUMENTATION_COMMENTS = YES;
				CLANG_WARN_EMPTY_BODY = YES;
				CLANG_WARN_ENUM_CONVERSION = YES;
				CLANG_WARN_INFINITE_RECURSION = YES;
				CLANG_WARN_INT_CONVERSION = YES;
				CLANG_WARN_NON_LITERAL_NULL_CONVERSION = YES;
				CLANG_WARN_OBJC_IMPLICIT_RETAIN_SELF = YES;
				CLANG_WARN_OBJC_LITERAL_CONVERSION = YES;
				CLANG_WARN_OBJC_ROOT_CLASS = YES_ERROR;
				CLANG_WARN_QUOTED_INCLUDE_IN_FRAMEWORK_HEADER = YES;
				CLANG_WARN_RANGE_LOOP_ANALYSIS = YES;
				CLANG_WARN_STRICT_PROTOTYPES = YES;
				CLANG_WARN_SUSPICIOUS_MOVE = YES;
				CLANG_WARN_UNGUARDED_AVAILABILITY = YES_AGGRESSIVE;
				CLANG_WARN_UNREACHABLE_CODE = YES;
				CLANG_WARN__DUPLICATE_METHOD_MATCH = YES;
				COPY_PHASE_STRIP = NO;
				DEBUG_INFORMATION_FORMAT = "dwarf-with-dsym";
				ENABLE_NS_ASSERTIONS = NO;
				ENABLE_STRICT_OBJC_MSGSEND = YES;
				ENABLE_USER_SCRIPT_SANDBOXING = YES;
				GCC_C_LANGUAGE_STANDARD = gnu17;
				GCC_NO_COMMON_BLOCKS = YES;
				GCC_WARN_64_TO_32_BIT_CONVERSION = YES;
				GCC_WARN_ABOUT_RETURN_TYPE = YES_ERROR;
				GCC_WARN_UNDECLARED_SELECTOR = YES;
				GCC_WARN_UNINITIALIZED_AUTOS = YES_AGGRESSIVE;
				GCC_WARN_UNUSED_FUNCTION = YES;
				GCC_WARN_UNUSED_VARIABLE = YES;
				IPHONEOS_DEPLOYMENT_TARGET = 17.5;
				LOCALIZATION_PREFERS_STRING_CATALOGS = YES;
				MTL_ENABLE_DEBUG_INFO = NO;
				MTL_FAST_MATH = YES;
				SDKROOT = iphoneos;
				SWIFT_COMPILATION_MODE = wholemodule;
				VALIDATE_PRODUCT = YES;
			};
			name = Release;
		};
		6286BEC52C550EF700F19BB8 /* Debug */ = {
			isa = XCBuildConfiguration;
			buildSettings = {
				API_KEY = 096681c40a984ffc81e95358241204;
				ASSETCATALOG_COMPILER_APPICON_NAME = AppIcon;
				ASSETCATALOG_COMPILER_GLOBAL_ACCENT_COLOR_NAME = AccentColor;
				CODE_SIGN_STYLE = Automatic;
				CURRENT_PROJECT_VERSION = 1;
				DEVELOPMENT_ASSET_PATHS = "\"WeatherForecast/Preview Content\"";
				DEVELOPMENT_TEAM = XYZAC2TP83;
				ENABLE_PREVIEWS = YES;
				GENERATE_INFOPLIST_FILE = YES;
				INFOPLIST_FILE = WeatherForecast/Info.plist;
				INFOPLIST_KEY_UIApplicationSceneManifest_Generation = YES;
				INFOPLIST_KEY_UIApplicationSupportsIndirectInputEvents = YES;
				INFOPLIST_KEY_UILaunchScreen_Generation = YES;
				INFOPLIST_KEY_UISupportedInterfaceOrientations_iPad = "UIInterfaceOrientationPortrait UIInterfaceOrientationPortraitUpsideDown UIInterfaceOrientationLandscapeLeft UIInterfaceOrientationLandscapeRight";
				INFOPLIST_KEY_UISupportedInterfaceOrientations_iPhone = "UIInterfaceOrientationPortrait UIInterfaceOrientationLandscapeLeft UIInterfaceOrientationLandscapeRight";
				LD_RUNPATH_SEARCH_PATHS = (
					"$(inherited)",
					"@executable_path/Frameworks",
				);
				MARKETING_VERSION = 1.0;
				PRODUCT_BUNDLE_IDENTIFIER = Personal.WeatherForecast;
				PRODUCT_NAME = "$(TARGET_NAME)";
				SWIFT_EMIT_LOC_STRINGS = YES;
				SWIFT_VERSION = 5.0;
				TARGETED_DEVICE_FAMILY = "1,2";
			};
			name = Debug;
		};
		6286BEC62C550EF700F19BB8 /* Release */ = {
			isa = XCBuildConfiguration;
			buildSettings = {
				API_KEY = 096681c40a984ffc81e95358241204;
				ASSETCATALOG_COMPILER_APPICON_NAME = AppIcon;
				ASSETCATALOG_COMPILER_GLOBAL_ACCENT_COLOR_NAME = AccentColor;
				CODE_SIGN_STYLE = Automatic;
				CURRENT_PROJECT_VERSION = 1;
				DEVELOPMENT_ASSET_PATHS = "\"WeatherForecast/Preview Content\"";
				DEVELOPMENT_TEAM = XYZAC2TP83;
				ENABLE_PREVIEWS = YES;
				GENERATE_INFOPLIST_FILE = YES;
				INFOPLIST_FILE = WeatherForecast/Info.plist;
				INFOPLIST_KEY_UIApplicationSceneManifest_Generation = YES;
				INFOPLIST_KEY_UIApplicationSupportsIndirectInputEvents = YES;
				INFOPLIST_KEY_UILaunchScreen_Generation = YES;
				INFOPLIST_KEY_UISupportedInterfaceOrientations_iPad = "UIInterfaceOrientationPortrait UIInterfaceOrientationPortraitUpsideDown UIInterfaceOrientationLandscapeLeft UIInterfaceOrientationLandscapeRight";
				INFOPLIST_KEY_UISupportedInterfaceOrientations_iPhone = "UIInterfaceOrientationPortrait UIInterfaceOrientationLandscapeLeft UIInterfaceOrientationLandscapeRight";
				LD_RUNPATH_SEARCH_PATHS = (
					"$(inherited)",
					"@executable_path/Frameworks",
				);
				MARKETING_VERSION = 1.0;
				PRODUCT_BUNDLE_IDENTIFIER = Personal.WeatherForecast;
				PRODUCT_NAME = "$(TARGET_NAME)";
				SWIFT_EMIT_LOC_STRINGS = YES;
				SWIFT_VERSION = 5.0;
				TARGETED_DEVICE_FAMILY = "1,2";
			};
			name = Release;
		};
		6286BEC82C550EF700F19BB8 /* Debug */ = {
			isa = XCBuildConfiguration;
			buildSettings = {
				ALWAYS_EMBED_SWIFT_STANDARD_LIBRARIES = YES;
				BUNDLE_LOADER = "$(TEST_HOST)";
				CODE_SIGN_STYLE = Automatic;
				CURRENT_PROJECT_VERSION = 1;
				DEVELOPMENT_TEAM = XYZAC2TP83;
				GENERATE_INFOPLIST_FILE = YES;
				IPHONEOS_DEPLOYMENT_TARGET = 17.5;
				MARKETING_VERSION = 1.0;
				PRODUCT_BUNDLE_IDENTIFIER = Personal.WeatherForecastTests;
				PRODUCT_NAME = "$(TARGET_NAME)";
				SWIFT_EMIT_LOC_STRINGS = NO;
				SWIFT_VERSION = 5.0;
				TARGETED_DEVICE_FAMILY = "1,2";
				TEST_HOST = "$(BUILT_PRODUCTS_DIR)/WeatherForecast.app/$(BUNDLE_EXECUTABLE_FOLDER_PATH)/WeatherForecast";
			};
			name = Debug;
		};
		6286BEC92C550EF700F19BB8 /* Release */ = {
			isa = XCBuildConfiguration;
			buildSettings = {
				ALWAYS_EMBED_SWIFT_STANDARD_LIBRARIES = YES;
				BUNDLE_LOADER = "$(TEST_HOST)";
				CODE_SIGN_STYLE = Automatic;
				CURRENT_PROJECT_VERSION = 1;
				DEVELOPMENT_TEAM = XYZAC2TP83;
				GENERATE_INFOPLIST_FILE = YES;
				IPHONEOS_DEPLOYMENT_TARGET = 17.5;
				MARKETING_VERSION = 1.0;
				PRODUCT_BUNDLE_IDENTIFIER = Personal.WeatherForecastTests;
				PRODUCT_NAME = "$(TARGET_NAME)";
				SWIFT_EMIT_LOC_STRINGS = NO;
				SWIFT_VERSION = 5.0;
				TARGETED_DEVICE_FAMILY = "1,2";
				TEST_HOST = "$(BUILT_PRODUCTS_DIR)/WeatherForecast.app/$(BUNDLE_EXECUTABLE_FOLDER_PATH)/WeatherForecast";
			};
			name = Release;
		};
		6286BECB2C550EF700F19BB8 /* Debug */ = {
			isa = XCBuildConfiguration;
			buildSettings = {
				ALWAYS_EMBED_SWIFT_STANDARD_LIBRARIES = YES;
				CODE_SIGN_STYLE = Automatic;
				CURRENT_PROJECT_VERSION = 1;
				DEVELOPMENT_TEAM = XYZAC2TP83;
				GENERATE_INFOPLIST_FILE = YES;
				MARKETING_VERSION = 1.0;
				PRODUCT_BUNDLE_IDENTIFIER = Personal.WeatherForecastUITests;
				PRODUCT_NAME = "$(TARGET_NAME)";
				SWIFT_EMIT_LOC_STRINGS = NO;
				SWIFT_VERSION = 5.0;
				TARGETED_DEVICE_FAMILY = "1,2";
				TEST_TARGET_NAME = WeatherForecast;
			};
			name = Debug;
		};
		6286BECC2C550EF700F19BB8 /* Release */ = {
			isa = XCBuildConfiguration;
			buildSettings = {
				ALWAYS_EMBED_SWIFT_STANDARD_LIBRARIES = YES;
				CODE_SIGN_STYLE = Automatic;
				CURRENT_PROJECT_VERSION = 1;
				DEVELOPMENT_TEAM = XYZAC2TP83;
				GENERATE_INFOPLIST_FILE = YES;
				MARKETING_VERSION = 1.0;
				PRODUCT_BUNDLE_IDENTIFIER = Personal.WeatherForecastUITests;
				PRODUCT_NAME = "$(TARGET_NAME)";
				SWIFT_EMIT_LOC_STRINGS = NO;
				SWIFT_VERSION = 5.0;
				TARGETED_DEVICE_FAMILY = "1,2";
				TEST_TARGET_NAME = WeatherForecast;
			};
			name = Release;
		};
/* End XCBuildConfiguration section */

/* Begin XCConfigurationList section */
		6286BE9B2C550EF500F19BB8 /* Build configuration list for PBXProject "WeatherForecast" */ = {
			isa = XCConfigurationList;
			buildConfigurations = (
				6286BEC22C550EF700F19BB8 /* Debug */,
				6286BEC32C550EF700F19BB8 /* Release */,
			);
			defaultConfigurationIsVisible = 0;
			defaultConfigurationName = Release;
		};
		6286BEC42C550EF700F19BB8 /* Build configuration list for PBXNativeTarget "WeatherForecast" */ = {
			isa = XCConfigurationList;
			buildConfigurations = (
				6286BEC52C550EF700F19BB8 /* Debug */,
				6286BEC62C550EF700F19BB8 /* Release */,
			);
			defaultConfigurationIsVisible = 0;
			defaultConfigurationName = Release;
		};
		6286BEC72C550EF700F19BB8 /* Build configuration list for PBXNativeTarget "WeatherForecastTests" */ = {
			isa = XCConfigurationList;
			buildConfigurations = (
				6286BEC82C550EF700F19BB8 /* Debug */,
				6286BEC92C550EF700F19BB8 /* Release */,
			);
			defaultConfigurationIsVisible = 0;
			defaultConfigurationName = Release;
		};
		6286BECA2C550EF700F19BB8 /* Build configuration list for PBXNativeTarget "WeatherForecastUITests" */ = {
			isa = XCConfigurationList;
			buildConfigurations = (
				6286BECB2C550EF700F19BB8 /* Debug */,
				6286BECC2C550EF700F19BB8 /* Release */,
			);
			defaultConfigurationIsVisible = 0;
			defaultConfigurationName = Release;
		};
/* End XCConfigurationList section */

/* Begin XCRemoteSwiftPackageReference section */
		6286BEF62C551A7500F19BB8 /* XCRemoteSwiftPackageReference "Alamofire" */ = {
			isa = XCRemoteSwiftPackageReference;
			repositoryURL = "https://github.com/Alamofire/Alamofire.git";
			requirement = {
				kind = upToNextMajorVersion;
				minimumVersion = 5.9.1;
			};
		};
/* End XCRemoteSwiftPackageReference section */

/* Begin XCSwiftPackageProductDependency section */
		6286BEF82C551AC200F19BB8 /* Alamofire */ = {
			isa = XCSwiftPackageProductDependency;
			package = 6286BEF62C551A7500F19BB8 /* XCRemoteSwiftPackageReference "Alamofire" */;
			productName = Alamofire;
		};
/* End XCSwiftPackageProductDependency section */
	};
	rootObject = 6286BE982C550EF500F19BB8 /* Project object */;
}
